
Microsoft Visual Studio Solution File, Format Version 11.00
# Visual Studio 2010
Project("{8BC9CEB8-8B4A-11D0-8D11-00A0C91BC942}") = "Angel", "angel3\angel3.vcxproj", "{1B5F40D0-1DFB-4298-855E-EAB8CA752672}"
EndProject
Project("{8BC9CEB8-8B4A-11D0-8D11-00A0C91BC942}") = "AngelRunner", "AngelRunner\AngelRunner.vcxproj", "{739C6093-3B96-4A20-BB03-CC991566A75D}"
EndProject
Global
	GlobalSection(SolutionConfigurationPlatforms) = preSolution
		Debug|Mixed Platforms = Debug|Mixed Platforms
		Debug|Win32 = Debug|Win32
		Debug|x86 = Debug|x86
		Release|Mixed Platforms = Release|Mixed Platforms
		Release|Win32 = Release|Win32
		Release|x86 = Release|x86
	EndGlobalSection
	GlobalSection(ProjectConfigurationPlatforms) = postSolution
		{1B5F40D0-1DFB-4298-855E-EAB8CA752672}.Debug|Mixed Platforms.ActiveCfg = Debug|Win32
		{1B5F40D0-1DFB-4298-855E-EAB8CA752672}.Debug|Mixed Platforms.Build.0 = Debug|Win32
		{1B5F40D0-1DFB-4298-855E-EAB8CA752672}.Debug|Win32.ActiveCfg = Debug|Win32
		{1B5F40D0-1DFB-4298-855E-EAB8CA752672}.Debug|Win32.Build.0 = Debug|Win32
		{1B5F40D0-1DFB-4298-855E-EAB8CA752672}.Debug|x86.ActiveCfg = Debug|x64
		{1B5F40D0-1DFB-4298-855E-EAB8CA752672}.Release|Mixed Platforms.ActiveCfg = Release|x64
		{1B5F40D0-1DFB-4298-855E-EAB8CA752672}.Release|Mixed Platforms.Build.0 = Release|x64
		{1B5F40D0-1DFB-4298-855E-EAB8CA752672}.Release|Win32.ActiveCfg = Release|Win32
		{1B5F40D0-1DFB-4298-855E-EAB8CA752672}.Release|Win32.Build.0 = Release|Win32
		{1B5F40D0-1DFB-4298-855E-EAB8CA752672}.Release|x86.ActiveCfg = Release|x64
		{739C6093-3B96-4A20-BB03-CC991566A75D}.Debug|Mixed Platforms.ActiveCfg = Debug|Win32
		{739C6093-3B96-4A20-BB03-CC991566A75D}.Debug|Mixed Platforms.Build.0 = Debug|Win32
		{739C6093-3B96-4A20-BB03-CC991566A75D}.Debug|Win32.ActiveCfg = Debug|Win32
		{739C6093-3B96-4A20-BB03-CC991566A75D}.Debug|Win32.Build.0 = Debug|Win32
		{739C6093-3B96-4A20-BB03-CC991566A75D}.Debug|x86.ActiveCfg = Debug|Win32
		{739C6093-3B96-4A20-BB03-CC991566A75D}.Release|Mixed Platforms.ActiveCfg = Release|Win32
		{739C6093-3B96-4A20-BB03-CC991566A75D}.Release|Mixed Platforms.Build.0 = Release|Win32
		{739C6093-3B96-4A20-BB03-CC991566A75D}.Release|Win32.ActiveCfg = Release|Win32
		{739C6093-3B96-4A20-BB03-CC991566A75D}.Release|Win32.Build.0 = Release|Win32
		{739C6093-3B96-4A20-BB03-CC991566A75D}.Release|x86.ActiveCfg = Release|Win32
	EndGlobalSection
	GlobalSection(SolutionProperties) = preSolution
		HideSolutionNode = FALSE
	EndGlobalSection
EndGlobal
